// !$*UTF8*$!
{
	archiveVersion = 1;
	classes = {
	};
	objectVersion = 46;
	objects = {

/* Begin PBXBuildFile section */
		173EBEBE165A28B700E29EBA /* UIKit.framework in Frameworks */ = {isa = PBXBuildFile; fileRef = 173EBEBD165A28B700E29EBA /* UIKit.framework */; };
		173EBEC0165A28B700E29EBA /* Foundation.framework in Frameworks */ = {isa = PBXBuildFile; fileRef = 173EBEBF165A28B700E29EBA /* Foundation.framework */; };
		173EBEC2165A28B700E29EBA /* CoreGraphics.framework in Frameworks */ = {isa = PBXBuildFile; fileRef = 173EBEC1165A28B700E29EBA /* CoreGraphics.framework */; };
		173EBEC8165A28B700E29EBA /* InfoPlist.strings in Resources */ = {isa = PBXBuildFile; fileRef = 173EBEC6165A28B700E29EBA /* InfoPlist.strings */; };
		173EBECA165A28B700E29EBA /* main.m in Sources */ = {isa = PBXBuildFile; fileRef = 173EBEC9165A28B700E29EBA /* main.m */; };
		173EBECE165A28B700E29EBA /* AppDelegate.m in Sources */ = {isa = PBXBuildFile; fileRef = 173EBECD165A28B700E29EBA /* AppDelegate.m */; };
		173EBED0165A28B700E29EBA /* Default.png in Resources */ = {isa = PBXBuildFile; fileRef = 173EBECF165A28B700E29EBA /* Default.png */; };
		173EBED2165A28B700E29EBA /* Default@2x.png in Resources */ = {isa = PBXBuildFile; fileRef = 173EBED1165A28B700E29EBA /* Default@2x.png */; };
		173EBED4165A28B700E29EBA /* Default-568h@2x.png in Resources */ = {isa = PBXBuildFile; fileRef = 173EBED3165A28B700E29EBA /* Default-568h@2x.png */; };
/* End PBXBuildFile section */

/* Begin PBXFileReference section */
		173EBEB9165A28B700E29EBA /* clase3.app */ = {isa = PBXFileReference; explicitFileType = wrapper.application; includeInIndex = 0; path = clase3.app; sourceTree = BUILT_PRODUCTS_DIR; };
		173EBEBD165A28B700E29EBA /* UIKit.framework */ = {isa = PBXFileReference; lastKnownFileType = wrapper.framework; name = UIKit.framework; path = System/Library/Frameworks/UIKit.framework; sourceTree = SDKROOT; };
		173EBEBF165A28B700E29EBA /* Foundation.framework */ = {isa = PBXFileReference; lastKnownFileType = wrapper.framework; name = Foundation.framework; path = System/Library/Frameworks/Foundation.framework; sourceTree = SDKROOT; };
		173EBEC1165A28B700E29EBA /* CoreGraphics.framework */ = {isa = PBXFileReference; lastKnownFileType = wrapper.framework; name = CoreGraphics.framework; path = System/Library/Frameworks/CoreGraphics.framework; sourceTree = SDKROOT; };
		173EBEC5165A28B700E29EBA /* clase3-Info.plist */ = {isa = PBXFileReference; lastKnownFileType = text.plist.xml; path = "clase3-Info.plist"; sourceTree = "<group>"; };
		173EBEC7165A28B700E29EBA /* en */ = {isa = PBXFileReference; lastKnownFileType = text.plist.strings; name = en; path = en.lproj/InfoPlist.strings; sourceTree = "<group>"; };
		173EBEC9165A28B700E29EBA /* main.m */ = {isa = PBXFileReference; lastKnownFileType = sourcecode.c.objc; path = main.m; sourceTree = "<group>"; };
		173EBECB165A28B700E29EBA /* clase3-Prefix.pch */ = {isa = PBXFileReference; lastKnownFileType = sourcecode.c.h; path = "clase3-Prefix.pch"; sourceTree = "<group>"; };
		173EBECC165A28B700E29EBA /* AppDelegate.h */ = {isa = PBXFileReference; lastKnownFileType = sourcecode.c.h; path = AppDelegate.h; sourceTree = "<group>"; };
		173EBECD165A28B700E29EBA /* AppDelegate.m */ = {isa = PBXFileReference; lastKnownFileType = sourcecode.c.objc; path = AppDelegate.m; sourceTree = "<group>"; };
		173EBECF165A28B700E29EBA /* Default.png */ = {isa = PBXFileReference; lastKnownFileType = image.png; path = Default.png; sourceTree = "<group>"; };
		173EBED1165A28B700E29EBA /* Default@2x.png */ = {isa = PBXFileReference; lastKnownFileType = image.png; path = "Default@2x.png"; sourceTree = "<group>"; };
		173EBED3165A28B700E29EBA /* Default-568h@2x.png */ = {isa = PBXFileReference; lastKnownFileType = image.png; path = "Default-568h@2x.png"; sourceTree = "<group>"; };
/* End PBXFileReference section */

/* Begin PBXFrameworksBuildPhase section */
		173EBEB6165A28B700E29EBA /* Frameworks */ = {
			isa = PBXFrameworksBuildPhase;
			buildActionMask = 2147483647;
			files = (
				173EBEBE165A28B700E29EBA /* UIKit.framework in Frameworks */,
				173EBEC0165A28B700E29EBA /* Foundation.framework in Frameworks */,
				173EBEC2165A28B700E29EBA /* CoreGraphics.framework in Frameworks */,
			);
			runOnlyForDeploymentPostprocessing = 0;
		};
/* End PBXFrameworksBuildPhase section */

/* Begin PBXGroup section */
		173EBEAE165A28B700E29EBA = {
			isa = PBXGroup;
			children = (
				173EBEC3165A28B700E29EBA /* clase3 */,
				173EBEBC165A28B700E29EBA /* Frameworks */,
				173EBEBA165A28B700E29EBA /* Products */,
			);
			sourceTree = "<group>";
		};
		173EBEBA165A28B700E29EBA /* Products */ = {
			isa = PBXGroup;
			children = (
				173EBEB9165A28B700E29EBA /* clase3.app */,
			);
			name = Products;
			sourceTree = "<group>";
		};
		173EBEBC165A28B700E29EBA /* Frameworks */ = {
			isa = PBXGroup;
			children = (
				173EBEBD165A28B700E29EBA /* UIKit.framework */,
				173EBEBF165A28B700E29EBA /* Foundation.framework */,
				173EBEC1165A28B700E29EBA /* CoreGraphics.framework */,
			);
			name = Frameworks;
			sourceTree = "<group>";
		};
		173EBEC3165A28B700E29EBA /* clase3 */ = {
			isa = PBXGroup;
			children = (
				173EBECC165A28B700E29EBA /* AppDelegate.h */,
				173EBECD165A28B700E29EBA /* AppDelegate.m */,
				173EBEC4165A28B700E29EBA /* Supporting Files */,
			);
			path = clase3;
			sourceTree = "<group>";
		};
		173EBEC4165A28B700E29EBA /* Supporting Files */ = {
			isa = PBXGroup;
			children = (
				173EBEC5165A28B700E29EBA /* clase3-Info.plist */,
				173EBEC6165A28B700E29EBA /* InfoPlist.strings */,
				173EBEC9165A28B700E29EBA /* main.m */,
				173EBECB165A28B700E29EBA /* clase3-Prefix.pch */,
				173EBECF165A28B700E29EBA /* Default.png */,
				173EBED1165A28B700E29EBA /* Default@2x.png */,
				173EBED3165A28B700E29EBA /* Default-568h@2x.png */,
			);
			name = "Supporting Files";
			sourceTree = "<group>";
		};
/* End PBXGroup section */

/* Begin PBXNativeTarget section */
		173EBEB8165A28B700E29EBA /* clase3 */ = {
			isa = PBXNativeTarget;
			buildConfigurationList = 173EBED7165A28B700E29EBA /* Build configuration list for PBXNativeTarget "clase3" */;
			buildPhases = (
				173EBEB5165A28B700E29EBA /* Sources */,
				173EBEB6165A28B700E29EBA /* Frameworks */,
				173EBEB7165A28B700E29EBA /* Resources */,
			);
			buildRules = (
			);
			dependencies = (
			);
			name = clase3;
			productName = clase3;
			productReference = 173EBEB9165A28B700E29EBA /* clase3.app */;
			productType = "com.apple.product-type.application";
		};
/* End PBXNativeTarget section */

/* Begin PBXProject section */
		173EBEB0165A28B700E29EBA /* Project object */ = {
			isa = PBXProject;
			attributes = {
				LastUpgradeCheck = 0450;
				ORGANIZATIONNAME = juanfran;
			};
			buildConfigurationList = 173EBEB3165A28B700E29EBA /* Build configuration list for PBXProject "clase3" */;
			compatibilityVersion = "Xcode 3.2";
			developmentRegion = English;
			hasScannedForEncodings = 0;
			knownRegions = (
				en,
			);
			mainGroup = 173EBEAE165A28B700E29EBA;
			productRefGroup = 173EBEBA165A28B700E29EBA /* Products */;
			projectDirPath = "";
			projectRoot = "";
			targets = (
				173EBEB8165A28B700E29EBA /* clase3 */,
			);
		};
/* End PBXProject section */

/* Begin PBXResourcesBuildPhase section */
		173EBEB7165A28B700E29EBA /* Resources */ = {
			isa = PBXResourcesBuildPhase;
			buildActionMask = 2147483647;
			files = (
				173EBEC8165A28B700E29EBA /* InfoPlist.strings in Resources */,
				173EBED0165A28B700E29EBA /* Default.png in Resources */,
				173EBED2165A28B700E29EBA /* Default@2x.png in Resources */,
				173EBED4165A28B700E29EBA /* Default-568h@2x.png in Resources */,
			);
			runOnlyForDeploymentPostprocessing = 0;
		};
/* End PBXResourcesBuildPhase section */

/* Begin PBXSourcesBuildPhase section */
		173EBEB5165A28B700E29EBA /* Sources */ = {
			isa = PBXSourcesBuildPhase;
			buildActionMask = 2147483647;
			files = (
				173EBECA165A28B700E29EBA /* main.m in Sources */,
				173EBECE165A28B700E29EBA /* AppDelegate.m in Sources */,
			);
			runOnlyForDeploymentPostprocessing = 0;
		};
/* End PBXSourcesBuildPhase section */

/* Begin PBXVariantGroup section */
		173EBEC6165A28B700E29EBA /* InfoPlist.strings */ = {
			isa = PBXVariantGroup;
			children = (
				173EBEC7165A28B700E29EBA /* en */,
			);
			name = InfoPlist.strings;
			sourceTree = "<group>";
		};
/* End PBXVariantGroup section */

/* Begin XCBuildConfiguration section */
		173EBED5165A28B700E29EBA /* Debug */ = {
			isa = XCBuildConfiguration;
			buildSettings = {
				ALWAYS_SEARCH_USER_PATHS = NO;
				CLANG_CXX_LANGUAGE_STANDARD = "gnu++0x";
				CLANG_CXX_LIBRARY = "libc++";
				CLANG_ENABLE_OBJC_ARC = YES;
				CLANG_WARN_EMPTY_BODY = YES;
				CLANG_WARN__DUPLICATE_METHOD_MATCH = YES;
				"CODE_SIGN_IDENTITY[sdk=iphoneos*]" = "iPhone Developer";
				COPY_PHASE_STRIP = NO;
				GCC_C_LANGUAGE_STANDARD = gnu99;
				GCC_DYNAMIC_NO_PIC = NO;
				GCC_OPTIMIZATION_LEVEL = 0;
				GCC_PREPROCESSOR_DEFINITIONS = (
					"DEBUG=1",
					"$(inherited)",
				);
				GCC_SYMBOLS_PRIVATE_EXTERN = NO;
				GCC_WARN_ABOUT_RETURN_TYPE = YES;
				GCC_WARN_UNINITIALIZED_AUTOS = YES;
				GCC_WARN_UNUSED_VARIABLE = YES;
				IPHONEOS_DEPLOYMENT_TARGET = 6.0;
				ONLY_ACTIVE_ARCH = YES;
				SDKROOT = iphoneos;
			};
			name = Debug;
		};
		173EBED6165A28B700E29EBA /* Release */ = {
			isa = XCBuildConfiguration;
			buildSettings = {
				ALWAYS_SEARCH_USER_PATHS = NO;
				CLANG_CXX_LANGUAGE_STANDARD = "gnu++0x";
				CLANG_CXX_LIBRARY = "libc++";
				CLANG_ENABLE_OBJC_ARC = YES;
				CLANG_WARN_EMPTY_BODY = YES;
				CLANG_WARN__DUPLICATE_METHOD_MATCH = YES;
				"CODE_SIGN_IDENTITY[sdk=iphoneos*]" = "iPhone Developer";
				COPY_PHASE_STRIP = YES;
				GCC_C_LANGUAGE_STANDARD = gnu99;
				GCC_WARN_ABOUT_RETURN_TYPE = YES;
				GCC_WARN_UNINITIALIZED_AUTOS = YES;
				GCC_WARN_UNUSED_VARIABLE = YES;
				IPHONEOS_DEPLOYMENT_TARGET = 6.0;
				OTHER_CFLAGS = "-DNS_BLOCK_ASSERTIONS=1";
				SDKROOT = iphoneos;
				VALIDATE_PRODUCT = YES;
			};
			name = Release;
		};
		173EBED8165A28B700E29EBA /* Debug */ = {
			isa = XCBuildConfiguration;
			buildSettings = {
				GCC_PRECOMPILE_PREFIX_HEADER = YES;
				GCC_PREFIX_HEADER = "clase3/clase3-Prefix.pch";
				INFOPLIST_FILE = "clase3/clase3-Info.plist";
				PRODUCT_NAME = "$(TARGET_NAME)";
				WRAPPER_EXTENSION = app;
			};
			name = Debug;
		};
		173EBED9165A28B700E29EBA /* Release */ = {
			isa = XCBuildConfiguration;
			buildSettings = {
				GCC_PRECOMPILE_PREFIX_HEADER = YES;
				GCC_PREFIX_HEADER = "clase3/clase3-Prefix.pch";
				INFOPLIST_FILE = "clase3/clase3-Info.plist";
				PRODUCT_NAME = "$(TARGET_NAME)";
				WRAPPER_EXTENSION = app;
			};
			name = Release;
		};
/* End XCBuildConfiguration section */

/* Begin XCConfigurationList section */
		173EBEB3165A28B700E29EBA /* Build configuration list for PBXProject "clase3" */ = {
			isa = XCConfigurationList;
			buildConfigurations = (
				173EBED5165A28B700E29EBA /* Debug */,
				173EBED6165A28B700E29EBA /* Release */,
			);
			defaultConfigurationIsVisible = 0;
			defaultConfigurationName = Release;
		};
		173EBED7165A28B700E29EBA /* Build configuration list for PBXNativeTarget "clase3" */ = {
			isa = XCConfigurationList;
			buildConfigurations = (
				173EBED8165A28B700E29EBA /* Debug */,
				173EBED9165A28B700E29EBA /* Release */,
			);
			defaultConfigurationIsVisible = 0;
		};
/* End XCConfigurationList section */
	};
	rootObject = 173EBEB0165A28B700E29EBA /* Project object */;
}
